
Microsoft Visual Studio Solution File, Format Version 12.00
# Visual Studio 15
VisualStudioVersion = 15.0.27004.2009
MinimumVisualStudioVersion = 10.0.40219.1
Project("{FAE04EC0-301F-11D3-BF4B-00C04F79EFBC}") = "MvcBlog", "MvcBlog\MvcBlog.csproj", "{8B877515-778A-409C-B8DD-D8B15FB5325F}"
EndProject
Global
	GlobalSection(SolutionConfigurationPlatforms) = preSolution
		Debug|Any CPU = Debug|Any CPU
		Release|Any CPU = Release|Any CPU
	EndGlobalSection
	GlobalSection(ProjectConfigurationPlatforms) = postSolution
		{8B877515-778A-409C-B8DD-D8B15FB5325F}.Debug|Any CPU.ActiveCfg = Debug|Any CPU
		{8B877515-778A-409C-B8DD-D8B15FB5325F}.Debug|Any CPU.Build.0 = Debug|Any CPU
		{8B877515-778A-409C-B8DD-D8B15FB5325F}.Release|Any CPU.ActiveCfg = Release|Any CPU
		{8B877515-778A-409C-B8DD-D8B15FB5325F}.Release|Any CPU.Build.0 = Release|Any CPU
	EndGlobalSection
	GlobalSection(SolutionProperties) = preSolution
		HideSolutionNode = FALSE
	EndGlobalSection
	GlobalSection(ExtensibilityGlobals) = postSolution
		SolutionGuid = {46FD23A5-F81E-4AD3-A493-14A157732670}
	EndGlobalSection
EndGlobal
