
Microsoft Visual Studio Solution File, Format Version 12.00
# Visual Studio 2012
Project("{FAE04EC0-301F-11D3-BF4B-00C04F79EFBC}") = "NotHesaplama", "NotHesaplama\NotHesaplama.csproj", "{66A295B1-59AF-438A-A69F-4DCA88DA940D}"
EndProject
Global
	GlobalSection(SolutionConfigurationPlatforms) = preSolution
		Debug|Any CPU = Debug|Any CPU
		Release|Any CPU = Release|Any CPU
	EndGlobalSection
	GlobalSection(ProjectConfigurationPlatforms) = postSolution
		{66A295B1-59AF-438A-A69F-4DCA88DA940D}.Debug|Any CPU.ActiveCfg = Debug|Any CPU
		{66A295B1-59AF-438A-A69F-4DCA88DA940D}.Debug|Any CPU.Build.0 = Debug|Any CPU
		{66A295B1-59AF-438A-A69F-4DCA88DA940D}.Release|Any CPU.ActiveCfg = Release|Any CPU
		{66A295B1-59AF-438A-A69F-4DCA88DA940D}.Release|Any CPU.Build.0 = Release|Any CPU
	EndGlobalSection
	GlobalSection(SolutionProperties) = preSolution
		HideSolutionNode = FALSE
	EndGlobalSection
EndGlobal
